// !$*UTF8*$!
{
	archiveVersion = 1;
	classes = {
	};
	objectVersion = 46;
	objects = {

/* Begin PBXBuildFile section */
		17B8694D1E8440970032D0F0 /* AppDelegate.swift in Sources */ = {isa = PBXBuildFile; fileRef = 17B8694C1E8440970032D0F0 /* AppDelegate.swift */; };
		17B8694F1E8440970032D0F0 /* ViewController.swift in Sources */ = {isa = PBXBuildFile; fileRef = 17B8694E1E8440970032D0F0 /* ViewController.swift */; };
		17B869521E8440970032D0F0 /* Main.storyboard in Resources */ = {isa = PBXBuildFile; fileRef = 17B869501E8440970032D0F0 /* Main.storyboard */; };
		17B869541E8440970032D0F0 /* Assets.xcassets in Resources */ = {isa = PBXBuildFile; fileRef = 17B869531E8440970032D0F0 /* Assets.xcassets */; };
		17B869571E8440970032D0F0 /* LaunchScreen.storyboard in Resources */ = {isa = PBXBuildFile; fileRef = 17B869551E8440970032D0F0 /* LaunchScreen.storyboard */; };
/* End PBXBuildFile section */

/* Begin PBXFileReference section */
		17B869491E8440970032D0F0 /* LightMeUp!.app */ = {isa = PBXFileReference; explicitFileType = wrapper.application; includeInIndex = 0; path = "LightMeUp!.app"; sourceTree = BUILT_PRODUCTS_DIR; };
		17B8694C1E8440970032D0F0 /* AppDelegate.swift */ = {isa = PBXFileReference; lastKnownFileType = sourcecode.swift; path = AppDelegate.swift; sourceTree = "<group>"; };
		17B8694E1E8440970032D0F0 /* ViewController.swift */ = {isa = PBXFileReference; lastKnownFileType = sourcecode.swift; path = ViewController.swift; sourceTree = "<group>"; };
		17B869511E8440970032D0F0 /* Base */ = {isa = PBXFileReference; lastKnownFileType = file.storyboard; name = Base; path = Base.lproj/Main.storyboard; sourceTree = "<group>"; };
		17B869531E8440970032D0F0 /* Assets.xcassets */ = {isa = PBXFileReference; lastKnownFileType = folder.assetcatalog; path = Assets.xcassets; sourceTree = "<group>"; };
		17B869561E8440970032D0F0 /* Base */ = {isa = PBXFileReference; lastKnownFileType = file.storyboard; name = Base; path = Base.lproj/LaunchScreen.storyboard; sourceTree = "<group>"; };
		17B869581E8440970032D0F0 /* Info.plist */ = {isa = PBXFileReference; lastKnownFileType = text.plist.xml; path = Info.plist; sourceTree = "<group>"; };
/* End PBXFileReference section */

/* Begin PBXFrameworksBuildPhase section */
		17B869461E8440970032D0F0 /* Frameworks */ = {
			isa = PBXFrameworksBuildPhase;
			buildActionMask = 2147483647;
			files = (
			);
			runOnlyForDeploymentPostprocessing = 0;
		};
/* End PBXFrameworksBuildPhase section */

/* Begin PBXGroup section */
		17B869401E8440970032D0F0 = {
			isa = PBXGroup;
			children = (
				17B8694B1E8440970032D0F0 /* LightMeUp! */,
				17B8694A1E8440970032D0F0 /* Products */,
			);
			sourceTree = "<group>";
		};
		17B8694A1E8440970032D0F0 /* Products */ = {
			isa = PBXGroup;
			children = (
				17B869491E8440970032D0F0 /* LightMeUp!.app */,
			);
			name = Products;
			sourceTree = "<group>";
		};
		17B8694B1E8440970032D0F0 /* LightMeUp! */ = {
			isa = PBXGroup;
			children = (
				17B8694C1E8440970032D0F0 /* AppDelegate.swift */,
				17B8694E1E8440970032D0F0 /* ViewController.swift */,
				17B869501E8440970032D0F0 /* Main.storyboard */,
				17B869531E8440970032D0F0 /* Assets.xcassets */,
				17B869551E8440970032D0F0 /* LaunchScreen.storyboard */,
				17B869581E8440970032D0F0 /* Info.plist */,
			);
			path = "LightMeUp!";
			sourceTree = "<group>";
		};
/* End PBXGroup section */

/* Begin PBXNativeTarget section */
		17B869481E8440970032D0F0 /* LightMeUp! */ = {
			isa = PBXNativeTarget;
			buildConfigurationList = 17B8695B1E8440970032D0F0 /* Build configuration list for PBXNativeTarget "LightMeUp!" */;
			buildPhases = (
				17B869451E8440970032D0F0 /* Sources */,
				17B869461E8440970032D0F0 /* Frameworks */,
				17B869471E8440970032D0F0 /* Resources */,
			);
			buildRules = (
			);
			dependencies = (
			);
			name = "LightMeUp!";
			productName = "LightMeUp!";
			productReference = 17B869491E8440970032D0F0 /* LightMeUp!.app */;
			productType = "com.apple.product-type.application";
		};
/* End PBXNativeTarget section */

/* Begin PBXProject section */
		17B869411E8440970032D0F0 /* Project object */ = {
			isa = PBXProject;
			attributes = {
				LastSwiftUpdateCheck = 0820;
				LastUpgradeCheck = 0820;
				ORGANIZATIONNAME = "Philipp Enke";
				TargetAttributes = {
					17B869481E8440970032D0F0 = {
						CreatedOnToolsVersion = 8.2.1;
						DevelopmentTeam = 3DZ852B6GJ;
						ProvisioningStyle = Automatic;
					};
				};
			};
			buildConfigurationList = 17B869441E8440970032D0F0 /* Build configuration list for PBXProject "LightMeUp!" */;
			compatibilityVersion = "Xcode 3.2";
			developmentRegion = English;
			hasScannedForEncodings = 0;
			knownRegions = (
				en,
				Base,
			);
			mainGroup = 17B869401E8440970032D0F0;
			productRefGroup = 17B8694A1E8440970032D0F0 /* Products */;
			projectDirPath = "";
			projectRoot = "";
			targets = (
				17B869481E8440970032D0F0 /* LightMeUp! */,
			);
		};
/* End PBXProject section */

/* Begin PBXResourcesBuildPhase section */
		17B869471E8440970032D0F0 /* Resources */ = {
			isa = PBXResourcesBuildPhase;
			buildActionMask = 2147483647;
			files = (
				17B869571E8440970032D0F0 /* LaunchScreen.storyboard in Resources */,
				17B869541E8440970032D0F0 /* Assets.xcassets in Resources */,
				17B869521E8440970032D0F0 /* Main.storyboard in Resources */,
			);
			runOnlyForDeploymentPostprocessing = 0;
		};
/* End PBXResourcesBuildPhase section */

/* Begin PBXSourcesBuildPhase section */
		17B869451E8440970032D0F0 /* Sources */ = {
			isa = PBXSourcesBuildPhase;
			buildActionMask = 2147483647;
			files = (
				17B8694F1E8440970032D0F0 /* ViewController.swift in Sources */,
				17B8694D1E8440970032D0F0 /* AppDelegate.swift in Sources */,
			);
			runOnlyForDeploymentPostprocessing = 0;
		};
/* End PBXSourcesBuildPhase section */

/* Begin PBXVariantGroup section */
		17B869501E8440970032D0F0 /* Main.storyboard */ = {
			isa = PBXVariantGroup;
			children = (
				17B869511E8440970032D0F0 /* Base */,
			);
			name = Main.storyboard;
			sourceTree = "<group>";
		};
		17B869551E8440970032D0F0 /* LaunchScreen.storyboard */ = {
			isa = PBXVariantGroup;
			children = (
				17B869561E8440970032D0F0 /* Base */,
			);
			name = LaunchScreen.storyboard;
			sourceTree = "<group>";
		};
/* End PBXVariantGroup section */

/* Begin XCBuildConfiguration section */
		17B869591E8440970032D0F0 /* Debug */ = {
			isa = XCBuildConfiguration;
			buildSettings = {
				ALWAYS_SEARCH_USER_PATHS = NO;
				CLANG_ANALYZER_NONNULL = YES;
				CLANG_CXX_LANGUAGE_STANDARD = "gnu++0x";
				CLANG_CXX_LIBRARY = "libc++";
				CLANG_ENABLE_MODULES = YES;
				CLANG_ENABLE_OBJC_ARC = YES;
				CLANG_WARN_BOOL_CONVERSION = YES;
				CLANG_WARN_CONSTANT_CONVERSION = YES;
				CLANG_WARN_DIRECT_OBJC_ISA_USAGE = YES_ERROR;
				CLANG_WARN_DOCUMENTATION_COMMENTS = YES;
				CLANG_WARN_EMPTY_BODY = YES;
				CLANG_WARN_ENUM_CONVERSION = YES;
				CLANG_WARN_INFINITE_RECURSION = YES;
				CLANG_WARN_INT_CONVERSION = YES;
				CLANG_WARN_OBJC_ROOT_CLASS = YES_ERROR;
				CLANG_WARN_SUSPICIOUS_MOVE = YES;
				CLANG_WARN_UNREACHABLE_CODE = YES;
				CLANG_WARN__DUPLICATE_METHOD_MATCH = YES;
				"CODE_SIGN_IDENTITY[sdk=iphoneos*]" = "iPhone Developer";
				COPY_PHASE_STRIP = NO;
				DEBUG_INFORMATION_FORMAT = dwarf;
				ENABLE_STRICT_OBJC_MSGSEND = YES;
				ENABLE_TESTABILITY = YES;
				GCC_C_LANGUAGE_STANDARD = gnu99;
				GCC_DYNAMIC_NO_PIC = NO;
				GCC_NO_COMMON_BLOCKS = YES;
				GCC_OPTIMIZATION_LEVEL = 0;
				GCC_PREPROCESSOR_DEFINITIONS = (
					"DEBUG=1",
					"$(inherited)",
				);
				GCC_WARN_64_TO_32_BIT_CONVERSION = YES;
				GCC_WARN_ABOUT_RETURN_TYPE = YES_ERROR;
				GCC_WARN_UNDECLARED_SELECTOR = YES;
				GCC_WARN_UNINITIALIZED_AUTOS = YES_AGGRESSIVE;
				GCC_WARN_UNUSED_FUNCTION = YES;
				GCC_WARN_UNUSED_VARIABLE = YES;
				IPHONEOS_DEPLOYMENT_TARGET = 10.2;
				MTL_ENABLE_DEBUG_INFO = YES;
				ONLY_ACTIVE_ARCH = YES;
				SDKROOT = iphoneos;
				SWIFT_ACTIVE_COMPILATION_CONDITIONS = DEBUG;
				SWIFT_OPTIMIZATION_LEVEL = "-Onone";
				TARGETED_DEVICE_FAMILY = "1,2";
			};
			name = Debug;
		};
		17B8695A1E8440970032D0F0 /* Release */ = {
			isa = XCBuildConfiguration;
			buildSettings = {
				ALWAYS_SEARCH_USER_PATHS = NO;
				CLANG_ANALYZER_NONNULL = YES;
				CLANG_CXX_LANGUAGE_STANDARD = "gnu++0x";
				CLANG_CXX_LIBRARY = "libc++";
				CLANG_ENABLE_MODULES = YES;
				CLANG_ENABLE_OBJC_ARC = YES;
				CLANG_WARN_BOOL_CONVERSION = YES;
				CLANG_WARN_CONSTANT_CONVERSION = YES;
				CLANG_WARN_DIRECT_OBJC_ISA_USAGE = YES_ERROR;
				CLANG_WARN_DOCUMENTATION_COMMENTS = YES;
				CLANG_WARN_EMPTY_BODY = YES;
				CLANG_WARN_ENUM_CONVERSION = YES;
				CLANG_WARN_INFINITE_RECURSION = YES;
				CLANG_WARN_INT_CONVERSION = YES;
				CLANG_WARN_OBJC_ROOT_CLASS = YES_ERROR;
				CLANG_WARN_SUSPICIOUS_MOVE = YES;
				CLANG_WARN_UNREACHABLE_CODE = YES;
				CLANG_WARN__DUPLICATE_METHOD_MATCH = YES;
				"CODE_SIGN_IDENTITY[sdk=iphoneos*]" = "iPhone Developer";
				COPY_PHASE_STRIP = NO;
				DEBUG_INFORMATION_FORMAT = "dwarf-with-dsym";
				ENABLE_NS_ASSERTIONS = NO;
				ENABLE_STRICT_OBJC_MSGSEND = YES;
				GCC_C_LANGUAGE_STANDARD = gnu99;
				GCC_NO_COMMON_BLOCKS = YES;
				GCC_WARN_64_TO_32_BIT_CONVERSION = YES;
				GCC_WARN_ABOUT_RETURN_TYPE = YES_ERROR;
				GCC_WARN_UNDECLARED_SELECTOR = YES;
				GCC_WARN_UNINITIALIZED_AUTOS = YES_AGGRESSIVE;
				GCC_WARN_UNUSED_FUNCTION = YES;
				GCC_WARN_UNUSED_VARIABLE = YES;
				IPHONEOS_DEPLOYMENT_TARGET = 10.2;
				MTL_ENABLE_DEBUG_INFO = NO;
				SDKROOT = iphoneos;
				SWIFT_OPTIMIZATION_LEVEL = "-Owholemodule";
				TARGETED_DEVICE_FAMILY = "1,2";
				VALIDATE_PRODUCT = YES;
			};
			name = Release;
		};
		17B8695C1E8440970032D0F0 /* Debug */ = {
			isa = XCBuildConfiguration;
			buildSettings = {
				ASSETCATALOG_COMPILER_APPICON_NAME = AppIcon;
				DEVELOPMENT_TEAM = 3DZ852B6GJ;
				INFOPLIST_FILE = "LightMeUp!/Info.plist";
				LD_RUNPATH_SEARCH_PATHS = "$(inherited) @executable_path/Frameworks";
				PRODUCT_BUNDLE_IDENTIFIER = "pe.LightMeUp-";
				PRODUCT_NAME = "$(TARGET_NAME)";
				SWIFT_VERSION = 3.0;
			};
			name = Debug;
		};
		17B8695D1E8440970032D0F0 /* Release */ = {
			isa = XCBuildConfiguration;
			buildSettings = {
				ASSETCATALOG_COMPILER_APPICON_NAME = AppIcon;
				DEVELOPMENT_TEAM = 3DZ852B6GJ;
				INFOPLIST_FILE = "LightMeUp!/Info.plist";
				LD_RUNPATH_SEARCH_PATHS = "$(inherited) @executable_path/Frameworks";
				PRODUCT_BUNDLE_IDENTIFIER = "pe.LightMeUp-";
				PRODUCT_NAME = "$(TARGET_NAME)";
				SWIFT_VERSION = 3.0;
			};
			name = Release;
		};
/* End XCBuildConfiguration section */

/* Begin XCConfigurationList section */
		17B869441E8440970032D0F0 /* Build configuration list for PBXProject "LightMeUp!" */ = {
			isa = XCConfigurationList;
			buildConfigurations = (
				17B869591E8440970032D0F0 /* Debug */,
				17B8695A1E8440970032D0F0 /* Release */,
			);
			defaultConfigurationIsVisible = 0;
			defaultConfigurationName = Release;
		};
		17B8695B1E8440970032D0F0 /* Build configuration list for PBXNativeTarget "LightMeUp!" */ = {
			isa = XCConfigurationList;
			buildConfigurations = (
				17B8695C1E8440970032D0F0 /* Debug */,
				17B8695D1E8440970032D0F0 /* Release */,
			);
			defaultConfigurationIsVisible = 0;
			defaultConfigurationName = Release;
		};
/* End XCConfigurationList section */
	};
	rootObject = 17B869411E8440970032D0F0 /* Project object */;
}
